github.com/fatih/color v1.5.1-0.20170523202404-62e9147c64a1 h1:q/f2xTvS5mNOIa0IXpjy/Q58OygEAjnslXWU3arEE58=
github.com/fatih/color v1.5.1-0.20170523202404-62e9147c64a1/go.mod h1:Zm6kSWBoL9eyXnKyktHP6abPY2pDugNf5KwzbycvMj4=
github.com/fsnotify/fsnotify v1.4.3-0.20170329110642-4da3e2cfbabc h1:omfZI1v/Bu4YEatmRAYKISWA95u6XiN4Zorz/JPKCZA=
github.com/fsnotify/fsnotify v1.4.3-0.20170329110642-4da3e2cfbabc/go.mod h1:jwhsz4b93w/PPRr/qN1Yymfu8t87LnFCMoQvtojpjFo=
github.com/mattn/go-colorable v0.0.9-0.20170710101742-165c32261890 h1:2Zilry/6XgnCs1AATDPzRVCh1qvYdhjQamftQPAZP5o=
github.com/mattn/go-colorable v0.0.9-0.20170710101742-165c32261890/go.mod h1:9vuHe8Xs5qXnSaW/c/ABM9alt+Vo+STaOChaDxuIBZU=
github.com/mattn/go-isatty v0.0.2 h1:F+DnWktyadxnOrohKLNUC9/GjFii5RJgY4GFG6ilggw=
github.com/mattn/go-isatty v0.0.2/go.mod h1:M+lRXTBqGeGNdLjl/ufCoiOlB5xdOkqRJdNxMWT7Zi4=
golang.org/x/sys v0.0.0-20170529185110-b90f89a1e7a9 h1:wFe/9vW2TmDagagfMeC56pEcmhyMWEqvuwE9CDAePNo=
golang.org/x/sys v0.0.0-20170529185110-b90f89a1e7a9/go.mod h1:STP8DvDyc/dI5b8T5hshtkjS+E42TnysNCUPdjciGhY=
